
Microsoft Visual Studio Solution File, Format Version 12.00
# Visual Studio Version 17
VisualStudioVersion = 17.7.34024.191
MinimumVisualStudioVersion = 10.0.40219.1
Project("{FAE04EC0-301F-11D3-BF4B-00C04F79EFBC}") = "AereaYPerimRect", "AereaYPerimRect\AereaYPerimRect.csproj", "{A25C5E54-3592-4EFA-B948-05AE8D617F73}"
EndProject
Project("{2150E333-8FDC-42A3-9474-1A3956D46DE8}") = "Solution Items", "Solution Items", "{E45A6C27-F6DB-4A2D-8F17-EB0CB8E6955C}"
	ProjectSection(SolutionItems) = preProject
		.editorconfig = .editorconfig
	EndProjectSection
EndProject
Global
	GlobalSection(SolutionConfigurationPlatforms) = preSolution
		Debug|Any CPU = Debug|Any CPU
		Release|Any CPU = Release|Any CPU
	EndGlobalSection
	GlobalSection(ProjectConfigurationPlatforms) = postSolution
		{A25C5E54-3592-4EFA-B948-05AE8D617F73}.Debug|Any CPU.ActiveCfg = Debug|Any CPU
		{A25C5E54-3592-4EFA-B948-05AE8D617F73}.Debug|Any CPU.Build.0 = Debug|Any CPU
		{A25C5E54-3592-4EFA-B948-05AE8D617F73}.Release|Any CPU.ActiveCfg = Release|Any CPU
		{A25C5E54-3592-4EFA-B948-05AE8D617F73}.Release|Any CPU.Build.0 = Release|Any CPU
	EndGlobalSection
	GlobalSection(SolutionProperties) = preSolution
		HideSolutionNode = FALSE
	EndGlobalSection
	GlobalSection(ExtensibilityGlobals) = postSolution
		SolutionGuid = {5B0BE06A-F02E-4FB5-B811-80BC9EB6C660}
	EndGlobalSection
EndGlobal
